dependencies:
  espressif/mdns:
    component_hash: ed10ef031bce505e423c5dbf0fdf2ce7a02df5f9ebffb18df2d6b9852e48817d
    dependencies:
    - name: idf
      registry_url: https://components.espressif.com
      require: private
      version: '>=5.0'
    source:
      registry_url: https://components.espressif.com/
      type: service
    version: 1.3.1
  idf:
    source:
      type: idf
    version: 5.5.0
direct_dependencies:
- espressif/mdns
- idf
manifest_hash: de7a58f288ec5b50fe9e177aae24bb551c565a565810f4fcff6166654fcee769
target: esp32c6
version: 2.0.0
